// !$*UTF8*$!
{
	archiveVersion = 1;
	classes = {
	};
	objectVersion = 56;
	objects = {

/* Begin PBXBuildFile section */
		AC30565D2A5F087400BAC46F /* AdvancedDigitalCommunicationEngineering_iOSApp.swift in Sources */ = {isa = PBXBuildFile; fileRef = AC30565C2A5F087400BAC46F /* AdvancedDigitalCommunicationEngineering_iOSApp.swift */; };
		AC30565F2A5F087400BAC46F /* ContentView.swift in Sources */ = {isa = PBXBuildFile; fileRef = AC30565E2A5F087400BAC46F /* ContentView.swift */; };
		AC3056612A5F087900BAC46F /* Assets.xcassets in Resources */ = {isa = PBXBuildFile; fileRef = AC3056602A5F087900BAC46F /* Assets.xcassets */; };
		AC3056642A5F087900BAC46F /* Preview Assets.xcassets in Resources */ = {isa = PBXBuildFile; fileRef = AC3056632A5F087900BAC46F /* Preview Assets.xcassets */; };
		AC30566B2A5F098700BAC46F /* Secret.plist in Resources */ = {isa = PBXBuildFile; fileRef = AC30566A2A5F098700BAC46F /* Secret.plist */; };
		AC30566D2A5F0A0900BAC46F /* CharacterNames.swift in Sources */ = {isa = PBXBuildFile; fileRef = AC30566C2A5F0A0900BAC46F /* CharacterNames.swift */; };
		AC30566F2A5F0C7100BAC46F /* CharacterInfo.swift in Sources */ = {isa = PBXBuildFile; fileRef = AC30566E2A5F0C7100BAC46F /* CharacterInfo.swift */; };
		AC3056722A5F0D9D00BAC46F /* PlistAccessor.swift in Sources */ = {isa = PBXBuildFile; fileRef = AC3056712A5F0D9D00BAC46F /* PlistAccessor.swift */; };
		AC3056742A5F119000BAC46F /* ApiRequester.swift in Sources */ = {isa = PBXBuildFile; fileRef = AC3056732A5F119000BAC46F /* ApiRequester.swift */; };
		AC3056762A5F12EB00BAC46F /* ApiError.swift in Sources */ = {isa = PBXBuildFile; fileRef = AC3056752A5F12EB00BAC46F /* ApiError.swift */; };
		AC3056792A5FC7A700BAC46F /* ApiViewModel.swift in Sources */ = {isa = PBXBuildFile; fileRef = AC3056782A5FC7A700BAC46F /* ApiViewModel.swift */; };
		AC30567C2A5FCEE400BAC46F /* ApiViewModelTestView.swift in Sources */ = {isa = PBXBuildFile; fileRef = AC30567B2A5FCEE400BAC46F /* ApiViewModelTestView.swift */; };
		AC5261BB2A5FD8CE004CAD0D /* CharacterNameRowView.swift in Sources */ = {isa = PBXBuildFile; fileRef = AC5261BA2A5FD8CE004CAD0D /* CharacterNameRowView.swift */; };
		AC5261BD2A5FDF49004CAD0D /* CharacterNameListView.swift in Sources */ = {isa = PBXBuildFile; fileRef = AC5261BC2A5FDF49004CAD0D /* CharacterNameListView.swift */; };
		AC5261BF2A5FDFC1004CAD0D /* CharacterLocalInfo.swift in Sources */ = {isa = PBXBuildFile; fileRef = AC5261BE2A5FDFC1004CAD0D /* CharacterLocalInfo.swift */; };
		AC5261C12A6016ED004CAD0D /* CharacterInfoView.swift in Sources */ = {isa = PBXBuildFile; fileRef = AC5261C02A6016ED004CAD0D /* CharacterInfoView.swift */; };
/* End PBXBuildFile section */

/* Begin PBXFileReference section */
		AC3056592A5F087400BAC46F /* AdvancedDigitalCommunicationEngineering-iOS.app */ = {isa = PBXFileReference; explicitFileType = wrapper.application; includeInIndex = 0; path = "AdvancedDigitalCommunicationEngineering-iOS.app"; sourceTree = BUILT_PRODUCTS_DIR; };
		AC30565C2A5F087400BAC46F /* AdvancedDigitalCommunicationEngineering_iOSApp.swift */ = {isa = PBXFileReference; lastKnownFileType = sourcecode.swift; path = AdvancedDigitalCommunicationEngineering_iOSApp.swift; sourceTree = "<group>"; };
		AC30565E2A5F087400BAC46F /* ContentView.swift */ = {isa = PBXFileReference; lastKnownFileType = sourcecode.swift; path = ContentView.swift; sourceTree = "<group>"; };
		AC3056602A5F087900BAC46F /* Assets.xcassets */ = {isa = PBXFileReference; lastKnownFileType = folder.assetcatalog; path = Assets.xcassets; sourceTree = "<group>"; };
		AC3056632A5F087900BAC46F /* Preview Assets.xcassets */ = {isa = PBXFileReference; lastKnownFileType = folder.assetcatalog; path = "Preview Assets.xcassets"; sourceTree = "<group>"; };
		AC30566A2A5F098700BAC46F /* Secret.plist */ = {isa = PBXFileReference; lastKnownFileType = text.plist.xml; path = Secret.plist; sourceTree = "<group>"; };
		AC30566C2A5F0A0900BAC46F /* CharacterNames.swift */ = {isa = PBXFileReference; lastKnownFileType = sourcecode.swift; path = CharacterNames.swift; sourceTree = "<group>"; };
		AC30566E2A5F0C7100BAC46F /* CharacterInfo.swift */ = {isa = PBXFileReference; lastKnownFileType = sourcecode.swift; path = CharacterInfo.swift; sourceTree = "<group>"; };
		AC3056712A5F0D9D00BAC46F /* PlistAccessor.swift */ = {isa = PBXFileReference; lastKnownFileType = sourcecode.swift; path = PlistAccessor.swift; sourceTree = "<group>"; };
		AC3056732A5F119000BAC46F /* ApiRequester.swift */ = {isa = PBXFileReference; lastKnownFileType = sourcecode.swift; path = ApiRequester.swift; sourceTree = "<group>"; };
		AC3056752A5F12EB00BAC46F /* ApiError.swift */ = {isa = PBXFileReference; lastKnownFileType = sourcecode.swift; path = ApiError.swift; sourceTree = "<group>"; };
		AC3056782A5FC7A700BAC46F /* ApiViewModel.swift */ = {isa = PBXFileReference; lastKnownFileType = sourcecode.swift; path = ApiViewModel.swift; sourceTree = "<group>"; };
		AC30567B2A5FCEE400BAC46F /* ApiViewModelTestView.swift */ = {isa = PBXFileReference; lastKnownFileType = sourcecode.swift; path = ApiViewModelTestView.swift; sourceTree = "<group>"; };
		AC5261BA2A5FD8CE004CAD0D /* CharacterNameRowView.swift */ = {isa = PBXFileReference; lastKnownFileType = sourcecode.swift; path = CharacterNameRowView.swift; sourceTree = "<group>"; };
		AC5261BC2A5FDF49004CAD0D /* CharacterNameListView.swift */ = {isa = PBXFileReference; lastKnownFileType = sourcecode.swift; path = CharacterNameListView.swift; sourceTree = "<group>"; };
		AC5261BE2A5FDFC1004CAD0D /* CharacterLocalInfo.swift */ = {isa = PBXFileReference; lastKnownFileType = sourcecode.swift; path = CharacterLocalInfo.swift; sourceTree = "<group>"; };
		AC5261C02A6016ED004CAD0D /* CharacterInfoView.swift */ = {isa = PBXFileReference; lastKnownFileType = sourcecode.swift; path = CharacterInfoView.swift; sourceTree = "<group>"; };
/* End PBXFileReference section */

/* Begin PBXFrameworksBuildPhase section */
		AC3056562A5F087400BAC46F /* Frameworks */ = {
			isa = PBXFrameworksBuildPhase;
			buildActionMask = 2147483647;
			files = (
			);
			runOnlyForDeploymentPostprocessing = 0;
		};
/* End PBXFrameworksBuildPhase section */

/* Begin PBXGroup section */
		AC3056502A5F087400BAC46F = {
			isa = PBXGroup;
			children = (
				AC30565B2A5F087400BAC46F /* AdvancedDigitalCommunicationEngineering-iOS */,
				AC30565A2A5F087400BAC46F /* Products */,
			);
			sourceTree = "<group>";
		};
		AC30565A2A5F087400BAC46F /* Products */ = {
			isa = PBXGroup;
			children = (
				AC3056592A5F087400BAC46F /* AdvancedDigitalCommunicationEngineering-iOS.app */,
			);
			name = Products;
			sourceTree = "<group>";
		};
		AC30565B2A5F087400BAC46F /* AdvancedDigitalCommunicationEngineering-iOS */ = {
			isa = PBXGroup;
			children = (
				AC30566A2A5F098700BAC46F /* Secret.plist */,
				AC30565C2A5F087400BAC46F /* AdvancedDigitalCommunicationEngineering_iOSApp.swift */,
				AC30565E2A5F087400BAC46F /* ContentView.swift */,
				AC3056702A5F0D5300BAC46F /* Model */,
				AC3056772A5FC78900BAC46F /* ViewModel */,
				AC30567A2A5FCEBC00BAC46F /* View */,
				AC3056602A5F087900BAC46F /* Assets.xcassets */,
				AC3056622A5F087900BAC46F /* Preview Content */,
			);
			path = "AdvancedDigitalCommunicationEngineering-iOS";
			sourceTree = "<group>";
		};
		AC3056622A5F087900BAC46F /* Preview Content */ = {
			isa = PBXGroup;
			children = (
				AC3056632A5F087900BAC46F /* Preview Assets.xcassets */,
			);
			path = "Preview Content";
			sourceTree = "<group>";
		};
		AC3056702A5F0D5300BAC46F /* Model */ = {
			isa = PBXGroup;
			children = (
				AC30566C2A5F0A0900BAC46F /* CharacterNames.swift */,
				AC30566E2A5F0C7100BAC46F /* CharacterInfo.swift */,
				AC5261BE2A5FDFC1004CAD0D /* CharacterLocalInfo.swift */,
				AC3056712A5F0D9D00BAC46F /* PlistAccessor.swift */,
				AC3056732A5F119000BAC46F /* ApiRequester.swift */,
				AC3056752A5F12EB00BAC46F /* ApiError.swift */,
			);
			path = Model;
			sourceTree = "<group>";
		};
		AC3056772A5FC78900BAC46F /* ViewModel */ = {
			isa = PBXGroup;
			children = (
				AC3056782A5FC7A700BAC46F /* ApiViewModel.swift */,
			);
			path = ViewModel;
			sourceTree = "<group>";
		};
		AC30567A2A5FCEBC00BAC46F /* View */ = {
			isa = PBXGroup;
			children = (
				AC30567B2A5FCEE400BAC46F /* ApiViewModelTestView.swift */,
				AC5261BA2A5FD8CE004CAD0D /* CharacterNameRowView.swift */,
				AC5261BC2A5FDF49004CAD0D /* CharacterNameListView.swift */,
				AC5261C02A6016ED004CAD0D /* CharacterInfoView.swift */,
			);
			path = View;
			sourceTree = "<group>";
		};
/* End PBXGroup section */

/* Begin PBXNativeTarget section */
		AC3056582A5F087400BAC46F /* AdvancedDigitalCommunicationEngineering-iOS */ = {
			isa = PBXNativeTarget;
			buildConfigurationList = AC3056672A5F087900BAC46F /* Build configuration list for PBXNativeTarget "AdvancedDigitalCommunicationEngineering-iOS" */;
			buildPhases = (
				AC3056552A5F087400BAC46F /* Sources */,
				AC3056562A5F087400BAC46F /* Frameworks */,
				AC3056572A5F087400BAC46F /* Resources */,
			);
			buildRules = (
			);
			dependencies = (
			);
			name = "AdvancedDigitalCommunicationEngineering-iOS";
			productName = "AdvancedDigitalCommunicationEngineering-iOS";
			productReference = AC3056592A5F087400BAC46F /* AdvancedDigitalCommunicationEngineering-iOS.app */;
			productType = "com.apple.product-type.application";
		};
/* End PBXNativeTarget section */

/* Begin PBXProject section */
		AC3056512A5F087400BAC46F /* Project object */ = {
			isa = PBXProject;
			attributes = {
				BuildIndependentTargetsInParallel = 1;
				LastSwiftUpdateCheck = 1430;
				LastUpgradeCheck = 1430;
				TargetAttributes = {
					AC3056582A5F087400BAC46F = {
						CreatedOnToolsVersion = 14.3.1;
					};
				};
			};
			buildConfigurationList = AC3056542A5F087400BAC46F /* Build configuration list for PBXProject "AdvancedDigitalCommunicationEngineering-iOS" */;
			compatibilityVersion = "Xcode 14.0";
			developmentRegion = en;
			hasScannedForEncodings = 0;
			knownRegions = (
				en,
				Base,
			);
			mainGroup = AC3056502A5F087400BAC46F;
			productRefGroup = AC30565A2A5F087400BAC46F /* Products */;
			projectDirPath = "";
			projectRoot = "";
			targets = (
				AC3056582A5F087400BAC46F /* AdvancedDigitalCommunicationEngineering-iOS */,
			);
		};
/* End PBXProject section */

/* Begin PBXResourcesBuildPhase section */
		AC3056572A5F087400BAC46F /* Resources */ = {
			isa = PBXResourcesBuildPhase;
			buildActionMask = 2147483647;
			files = (
				AC30566B2A5F098700BAC46F /* Secret.plist in Resources */,
				AC3056642A5F087900BAC46F /* Preview Assets.xcassets in Resources */,
				AC3056612A5F087900BAC46F /* Assets.xcassets in Resources */,
			);
			runOnlyForDeploymentPostprocessing = 0;
		};
/* End PBXResourcesBuildPhase section */

/* Begin PBXSourcesBuildPhase section */
		AC3056552A5F087400BAC46F /* Sources */ = {
			isa = PBXSourcesBuildPhase;
			buildActionMask = 2147483647;
			files = (
				AC3056762A5F12EB00BAC46F /* ApiError.swift in Sources */,
				AC5261C12A6016ED004CAD0D /* CharacterInfoView.swift in Sources */,
				AC5261BD2A5FDF49004CAD0D /* CharacterNameListView.swift in Sources */,
				AC30565F2A5F087400BAC46F /* ContentView.swift in Sources */,
				AC5261BB2A5FD8CE004CAD0D /* CharacterNameRowView.swift in Sources */,
				AC3056722A5F0D9D00BAC46F /* PlistAccessor.swift in Sources */,
				AC3056792A5FC7A700BAC46F /* ApiViewModel.swift in Sources */,
				AC30566D2A5F0A0900BAC46F /* CharacterNames.swift in Sources */,
				AC5261BF2A5FDFC1004CAD0D /* CharacterLocalInfo.swift in Sources */,
				AC30567C2A5FCEE400BAC46F /* ApiViewModelTestView.swift in Sources */,
				AC30566F2A5F0C7100BAC46F /* CharacterInfo.swift in Sources */,
				AC30565D2A5F087400BAC46F /* AdvancedDigitalCommunicationEngineering_iOSApp.swift in Sources */,
				AC3056742A5F119000BAC46F /* ApiRequester.swift in Sources */,
			);
			runOnlyForDeploymentPostprocessing = 0;
		};
/* End PBXSourcesBuildPhase section */

/* Begin XCBuildConfiguration section */
		AC3056652A5F087900BAC46F /* Debug */ = {
			isa = XCBuildConfiguration;
			buildSettings = {
				ALWAYS_SEARCH_USER_PATHS = NO;
				CLANG_ANALYZER_NONNULL = YES;
				CLANG_ANALYZER_NUMBER_OBJECT_CONVERSION = YES_AGGRESSIVE;
				CLANG_CXX_LANGUAGE_STANDARD = "gnu++20";
				CLANG_ENABLE_MODULES = YES;
				CLANG_ENABLE_OBJC_ARC = YES;
				CLANG_ENABLE_OBJC_WEAK = YES;
				CLANG_WARN_BLOCK_CAPTURE_AUTORELEASING = YES;
				CLANG_WARN_BOOL_CONVERSION = YES;
				CLANG_WARN_COMMA = YES;
				CLANG_WARN_CONSTANT_CONVERSION = YES;
				CLANG_WARN_DEPRECATED_OBJC_IMPLEMENTATIONS = YES;
				CLANG_WARN_DIRECT_OBJC_ISA_USAGE = YES_ERROR;
				CLANG_WARN_DOCUMENTATION_COMMENTS = YES;
				CLANG_WARN_EMPTY_BODY = YES;
				CLANG_WARN_ENUM_CONVERSION = YES;
				CLANG_WARN_INFINITE_RECURSION = YES;
				CLANG_WARN_INT_CONVERSION = YES;
				CLANG_WARN_NON_LITERAL_NULL_CONVERSION = YES;
				CLANG_WARN_OBJC_IMPLICIT_RETAIN_SELF = YES;
				CLANG_WARN_OBJC_LITERAL_CONVERSION = YES;
				CLANG_WARN_OBJC_ROOT_CLASS = YES_ERROR;
				CLANG_WARN_QUOTED_INCLUDE_IN_FRAMEWORK_HEADER = YES;
				CLANG_WARN_RANGE_LOOP_ANALYSIS = YES;
				CLANG_WARN_STRICT_PROTOTYPES = YES;
				CLANG_WARN_SUSPICIOUS_MOVE = YES;
				CLANG_WARN_UNGUARDED_AVAILABILITY = YES_AGGRESSIVE;
				CLANG_WARN_UNREACHABLE_CODE = YES;
				CLANG_WARN__DUPLICATE_METHOD_MATCH = YES;
				COPY_PHASE_STRIP = NO;
				DEBUG_INFORMATION_FORMAT = dwarf;
				ENABLE_STRICT_OBJC_MSGSEND = YES;
				ENABLE_TESTABILITY = YES;
				GCC_C_LANGUAGE_STANDARD = gnu11;
				GCC_DYNAMIC_NO_PIC = NO;
				GCC_NO_COMMON_BLOCKS = YES;
				GCC_OPTIMIZATION_LEVEL = 0;
				GCC_PREPROCESSOR_DEFINITIONS = (
					"DEBUG=1",
					"$(inherited)",
				);
				GCC_WARN_64_TO_32_BIT_CONVERSION = YES;
				GCC_WARN_ABOUT_RETURN_TYPE = YES_ERROR;
				GCC_WARN_UNDECLARED_SELECTOR = YES;
				GCC_WARN_UNINITIALIZED_AUTOS = YES_AGGRESSIVE;
				GCC_WARN_UNUSED_FUNCTION = YES;
				GCC_WARN_UNUSED_VARIABLE = YES;
				IPHONEOS_DEPLOYMENT_TARGET = 16.4;
				MTL_ENABLE_DEBUG_INFO = INCLUDE_SOURCE;
				MTL_FAST_MATH = YES;
				ONLY_ACTIVE_ARCH = YES;
				SDKROOT = iphoneos;
				SWIFT_ACTIVE_COMPILATION_CONDITIONS = DEBUG;
				SWIFT_OPTIMIZATION_LEVEL = "-Onone";
			};
			name = Debug;
		};
		AC3056662A5F087900BAC46F /* Release */ = {
			isa = XCBuildConfiguration;
			buildSettings = {
				ALWAYS_SEARCH_USER_PATHS = NO;
				CLANG_ANALYZER_NONNULL = YES;
				CLANG_ANALYZER_NUMBER_OBJECT_CONVERSION = YES_AGGRESSIVE;
				CLANG_CXX_LANGUAGE_STANDARD = "gnu++20";
				CLANG_ENABLE_MODULES = YES;
				CLANG_ENABLE_OBJC_ARC = YES;
				CLANG_ENABLE_OBJC_WEAK = YES;
				CLANG_WARN_BLOCK_CAPTURE_AUTORELEASING = YES;
				CLANG_WARN_BOOL_CONVERSION = YES;
				CLANG_WARN_COMMA = YES;
				CLANG_WARN_CONSTANT_CONVERSION = YES;
				CLANG_WARN_DEPRECATED_OBJC_IMPLEMENTATIONS = YES;
				CLANG_WARN_DIRECT_OBJC_ISA_USAGE = YES_ERROR;
				CLANG_WARN_DOCUMENTATION_COMMENTS = YES;
				CLANG_WARN_EMPTY_BODY = YES;
				CLANG_WARN_ENUM_CONVERSION = YES;
				CLANG_WARN_INFINITE_RECURSION = YES;
				CLANG_WARN_INT_CONVERSION = YES;
				CLANG_WARN_NON_LITERAL_NULL_CONVERSION = YES;
				CLANG_WARN_OBJC_IMPLICIT_RETAIN_SELF = YES;
				CLANG_WARN_OBJC_LITERAL_CONVERSION = YES;
				CLANG_WARN_OBJC_ROOT_CLASS = YES_ERROR;
				CLANG_WARN_QUOTED_INCLUDE_IN_FRAMEWORK_HEADER = YES;
				CLANG_WARN_RANGE_LOOP_ANALYSIS = YES;
				CLANG_WARN_STRICT_PROTOTYPES = YES;
				CLANG_WARN_SUSPICIOUS_MOVE = YES;
				CLANG_WARN_UNGUARDED_AVAILABILITY = YES_AGGRESSIVE;
				CLANG_WARN_UNREACHABLE_CODE = YES;
				CLANG_WARN__DUPLICATE_METHOD_MATCH = YES;
				COPY_PHASE_STRIP = NO;
				DEBUG_INFORMATION_FORMAT = "dwarf-with-dsym";
				ENABLE_NS_ASSERTIONS = NO;
				ENABLE_STRICT_OBJC_MSGSEND = YES;
				GCC_C_LANGUAGE_STANDARD = gnu11;
				GCC_NO_COMMON_BLOCKS = YES;
				GCC_WARN_64_TO_32_BIT_CONVERSION = YES;
				GCC_WARN_ABOUT_RETURN_TYPE = YES_ERROR;
				GCC_WARN_UNDECLARED_SELECTOR = YES;
				GCC_WARN_UNINITIALIZED_AUTOS = YES_AGGRESSIVE;
				GCC_WARN_UNUSED_FUNCTION = YES;
				GCC_WARN_UNUSED_VARIABLE = YES;
				IPHONEOS_DEPLOYMENT_TARGET = 16.4;
				MTL_ENABLE_DEBUG_INFO = NO;
				MTL_FAST_MATH = YES;
				SDKROOT = iphoneos;
				SWIFT_COMPILATION_MODE = wholemodule;
				SWIFT_OPTIMIZATION_LEVEL = "-O";
				VALIDATE_PRODUCT = YES;
			};
			name = Release;
		};
		AC3056682A5F087900BAC46F /* Debug */ = {
			isa = XCBuildConfiguration;
			buildSettings = {
				ASSETCATALOG_COMPILER_APPICON_NAME = AppIcon;
				ASSETCATALOG_COMPILER_GLOBAL_ACCENT_COLOR_NAME = AccentColor;
				CODE_SIGN_STYLE = Automatic;
				CURRENT_PROJECT_VERSION = 1;
				DEVELOPMENT_ASSET_PATHS = "\"AdvancedDigitalCommunicationEngineering-iOS/Preview Content\"";
				DEVELOPMENT_TEAM = Y2VF5F9C77;
				ENABLE_PREVIEWS = YES;
				GENERATE_INFOPLIST_FILE = YES;
				INFOPLIST_KEY_UIApplicationSceneManifest_Generation = YES;
				INFOPLIST_KEY_UIApplicationSupportsIndirectInputEvents = YES;
				INFOPLIST_KEY_UILaunchScreen_Generation = YES;
				INFOPLIST_KEY_UISupportedInterfaceOrientations = "UIInterfaceOrientationPortrait UIInterfaceOrientationPortraitUpsideDown";
				INFOPLIST_KEY_UISupportedInterfaceOrientations_iPad = "UIInterfaceOrientationLandscapeLeft UIInterfaceOrientationLandscapeRight UIInterfaceOrientationPortrait UIInterfaceOrientationPortraitUpsideDown";
				IPHONEOS_DEPLOYMENT_TARGET = 16.0;
				LD_RUNPATH_SEARCH_PATHS = (
					"$(inherited)",
					"@executable_path/Frameworks",
				);
				MARKETING_VERSION = 1.0;
				PRODUCT_BUNDLE_IDENTIFIER = "com.gmail.haloupgarou.AdvancedDigitalCommunicationEngineering-iOS";
				PRODUCT_NAME = "$(TARGET_NAME)";
				SUPPORTED_PLATFORMS = "iphoneos iphonesimulator";
				SUPPORTS_MACCATALYST = NO;
				SUPPORTS_MAC_DESIGNED_FOR_IPHONE_IPAD = NO;
				SWIFT_EMIT_LOC_STRINGS = YES;
				SWIFT_VERSION = 5.0;
				TARGETED_DEVICE_FAMILY = 1;
			};
			name = Debug;
		};
		AC3056692A5F087900BAC46F /* Release */ = {
			isa = XCBuildConfiguration;
			buildSettings = {
				ASSETCATALOG_COMPILER_APPICON_NAME = AppIcon;
				ASSETCATALOG_COMPILER_GLOBAL_ACCENT_COLOR_NAME = AccentColor;
				CODE_SIGN_STYLE = Automatic;
				CURRENT_PROJECT_VERSION = 1;
				DEVELOPMENT_ASSET_PATHS = "\"AdvancedDigitalCommunicationEngineering-iOS/Preview Content\"";
				DEVELOPMENT_TEAM = Y2VF5F9C77;
				ENABLE_PREVIEWS = YES;
				GENERATE_INFOPLIST_FILE = YES;
				INFOPLIST_KEY_UIApplicationSceneManifest_Generation = YES;
				INFOPLIST_KEY_UIApplicationSupportsIndirectInputEvents = YES;
				INFOPLIST_KEY_UILaunchScreen_Generation = YES;
				INFOPLIST_KEY_UISupportedInterfaceOrientations = "UIInterfaceOrientationPortrait UIInterfaceOrientationPortraitUpsideDown";
				INFOPLIST_KEY_UISupportedInterfaceOrientations_iPad = "UIInterfaceOrientationLandscapeLeft UIInterfaceOrientationLandscapeRight UIInterfaceOrientationPortrait UIInterfaceOrientationPortraitUpsideDown";
				IPHONEOS_DEPLOYMENT_TARGET = 16.0;
				LD_RUNPATH_SEARCH_PATHS = (
					"$(inherited)",
					"@executable_path/Frameworks",
				);
				MARKETING_VERSION = 1.0;
				PRODUCT_BUNDLE_IDENTIFIER = "com.gmail.haloupgarou.AdvancedDigitalCommunicationEngineering-iOS";
				PRODUCT_NAME = "$(TARGET_NAME)";
				SUPPORTED_PLATFORMS = "iphoneos iphonesimulator";
				SUPPORTS_MACCATALYST = NO;
				SUPPORTS_MAC_DESIGNED_FOR_IPHONE_IPAD = NO;
				SWIFT_EMIT_LOC_STRINGS = YES;
				SWIFT_VERSION = 5.0;
				TARGETED_DEVICE_FAMILY = 1;
			};
			name = Release;
		};
/* End XCBuildConfiguration section */

/* Begin XCConfigurationList section */
		AC3056542A5F087400BAC46F /* Build configuration list for PBXProject "AdvancedDigitalCommunicationEngineering-iOS" */ = {
			isa = XCConfigurationList;
			buildConfigurations = (
				AC3056652A5F087900BAC46F /* Debug */,
				AC3056662A5F087900BAC46F /* Release */,
			);
			defaultConfigurationIsVisible = 0;
			defaultConfigurationName = Release;
		};
		AC3056672A5F087900BAC46F /* Build configuration list for PBXNativeTarget "AdvancedDigitalCommunicationEngineering-iOS" */ = {
			isa = XCConfigurationList;
			buildConfigurations = (
				AC3056682A5F087900BAC46F /* Debug */,
				AC3056692A5F087900BAC46F /* Release */,
			);
			defaultConfigurationIsVisible = 0;
			defaultConfigurationName = Release;
		};
/* End XCConfigurationList section */
	};
	rootObject = AC3056512A5F087400BAC46F /* Project object */;
}
